// !$*UTF8*$!
{
	archiveVersion = 1;
	classes = {
	};
	objectVersion = 46;
	objects = {

/* Begin PBXBuildFile section */
		0AD74B491BBA20900074AF3A /* main.m in Sources */ = {isa = PBXBuildFile; fileRef = 0AD74B481BBA20900074AF3A /* main.m */; };
		0AD74B4C1BBA20900074AF3A /* AppDelegate.m in Sources */ = {isa = PBXBuildFile; fileRef = 0AD74B4B1BBA20900074AF3A /* AppDelegate.m */; };
		0AD74B4F1BBA20900074AF3A /* ViewController.m in Sources */ = {isa = PBXBuildFile; fileRef = 0AD74B4E1BBA20900074AF3A /* ViewController.m */; };
		0AD74B521BBA20900074AF3A /* Main.storyboard in Resources */ = {isa = PBXBuildFile; fileRef = 0AD74B501BBA20900074AF3A /* Main.storyboard */; };
		0AD74B541BBA20900074AF3A /* Images.xcassets in Resources */ = {isa = PBXBuildFile; fileRef = 0AD74B531BBA20900074AF3A /* Images.xcassets */; };
		0AD74B571BBA20900074AF3A /* LaunchScreen.xib in Resources */ = {isa = PBXBuildFile; fileRef = 0AD74B551BBA20900074AF3A /* LaunchScreen.xib */; };
		0AD74B631BBA20900074AF3A /* WFDrawDemoTests.m in Sources */ = {isa = PBXBuildFile; fileRef = 0AD74B621BBA20900074AF3A /* WFDrawDemoTests.m */; };
		0AD74B6E1BBA20C00074AF3A /* MyView.m in Sources */ = {isa = PBXBuildFile; fileRef = 0AD74B6D1BBA20C00074AF3A /* MyView.m */; };
		0AD74B701BBA22700074AF3A /* flower.png in Resources */ = {isa = PBXBuildFile; fileRef = 0AD74B6F1BBA22700074AF3A /* flower.png */; };
/* End PBXBuildFile section */

/* Begin PBXContainerItemProxy section */
		0AD74B5D1BBA20900074AF3A /* PBXContainerItemProxy */ = {
			isa = PBXContainerItemProxy;
			containerPortal = 0AD74B3B1BBA20900074AF3A /* Project object */;
			proxyType = 1;
			remoteGlobalIDString = 0AD74B421BBA20900074AF3A;
			remoteInfo = WFDrawDemo;
		};
/* End PBXContainerItemProxy section */

/* Begin PBXFileReference section */
		0AD74B431BBA20900074AF3A /* WFDrawDemo.app */ = {isa = PBXFileReference; explicitFileType = wrapper.application; includeInIndex = 0; path = WFDrawDemo.app; sourceTree = BUILT_PRODUCTS_DIR; };
		0AD74B471BBA20900074AF3A /* Info.plist */ = {isa = PBXFileReference; lastKnownFileType = text.plist.xml; path = Info.plist; sourceTree = "<group>"; };
		0AD74B481BBA20900074AF3A /* main.m */ = {isa = PBXFileReference; lastKnownFileType = sourcecode.c.objc; path = main.m; sourceTree = "<group>"; };
		0AD74B4A1BBA20900074AF3A /* AppDelegate.h */ = {isa = PBXFileReference; lastKnownFileType = sourcecode.c.h; path = AppDelegate.h; sourceTree = "<group>"; };
		0AD74B4B1BBA20900074AF3A /* AppDelegate.m */ = {isa = PBXFileReference; lastKnownFileType = sourcecode.c.objc; path = AppDelegate.m; sourceTree = "<group>"; };
		0AD74B4D1BBA20900074AF3A /* ViewController.h */ = {isa = PBXFileReference; lastKnownFileType = sourcecode.c.h; path = ViewController.h; sourceTree = "<group>"; };
		0AD74B4E1BBA20900074AF3A /* ViewController.m */ = {isa = PBXFileReference; lastKnownFileType = sourcecode.c.objc; path = ViewController.m; sourceTree = "<group>"; };
		0AD74B511BBA20900074AF3A /* Base */ = {isa = PBXFileReference; lastKnownFileType = file.storyboard; name = Base; path = Base.lproj/Main.storyboard; sourceTree = "<group>"; };
		0AD74B531BBA20900074AF3A /* Images.xcassets */ = {isa = PBXFileReference; lastKnownFileType = folder.assetcatalog; path = Images.xcassets; sourceTree = "<group>"; };
		0AD74B561BBA20900074AF3A /* Base */ = {isa = PBXFileReference; lastKnownFileType = file.xib; name = Base; path = Base.lproj/LaunchScreen.xib; sourceTree = "<group>"; };
		0AD74B5C1BBA20900074AF3A /* WFDrawDemoTests.xctest */ = {isa = PBXFileReference; explicitFileType = wrapper.cfbundle; includeInIndex = 0; path = WFDrawDemoTests.xctest; sourceTree = BUILT_PRODUCTS_DIR; };
		0AD74B611BBA20900074AF3A /* Info.plist */ = {isa = PBXFileReference; lastKnownFileType = text.plist.xml; path = Info.plist; sourceTree = "<group>"; };
		0AD74B621BBA20900074AF3A /* WFDrawDemoTests.m */ = {isa = PBXFileReference; lastKnownFileType = sourcecode.c.objc; path = WFDrawDemoTests.m; sourceTree = "<group>"; };
		0AD74B6C1BBA20C00074AF3A /* MyView.h */ = {isa = PBXFileReference; fileEncoding = 4; lastKnownFileType = sourcecode.c.h; path = MyView.h; sourceTree = "<group>"; };
		0AD74B6D1BBA20C00074AF3A /* MyView.m */ = {isa = PBXFileReference; fileEncoding = 4; lastKnownFileType = sourcecode.c.objc; path = MyView.m; sourceTree = "<group>"; };
		0AD74B6F1BBA22700074AF3A /* flower.png */ = {isa = PBXFileReference; lastKnownFileType = image.png; path = flower.png; sourceTree = "<group>"; };
/* End PBXFileReference section */

/* Begin PBXFrameworksBuildPhase section */
		0AD74B401BBA20900074AF3A /* Frameworks */ = {
			isa = PBXFrameworksBuildPhase;
			buildActionMask = 2147483647;
			files = (
			);
			runOnlyForDeploymentPostprocessing = 0;
		};
		0AD74B591BBA20900074AF3A /* Frameworks */ = {
			isa = PBXFrameworksBuildPhase;
			buildActionMask = 2147483647;
			files = (
			);
			runOnlyForDeploymentPostprocessing = 0;
		};
/* End PBXFrameworksBuildPhase section */

/* Begin PBXGroup section */
		0AD74B3A1BBA20900074AF3A = {
			isa = PBXGroup;
			children = (
				0AD74B451BBA20900074AF3A /* WFDrawDemo */,
				0AD74B5F1BBA20900074AF3A /* WFDrawDemoTests */,
				0AD74B441BBA20900074AF3A /* Products */,
			);
			sourceTree = "<group>";
		};
		0AD74B441BBA20900074AF3A /* Products */ = {
			isa = PBXGroup;
			children = (
				0AD74B431BBA20900074AF3A /* WFDrawDemo.app */,
				0AD74B5C1BBA20900074AF3A /* WFDrawDemoTests.xctest */,
			);
			name = Products;
			sourceTree = "<group>";
		};
		0AD74B451BBA20900074AF3A /* WFDrawDemo */ = {
			isa = PBXGroup;
			children = (
				0AD74B6F1BBA22700074AF3A /* flower.png */,
				0AD74B4A1BBA20900074AF3A /* AppDelegate.h */,
				0AD74B4B1BBA20900074AF3A /* AppDelegate.m */,
				0AD74B4D1BBA20900074AF3A /* ViewController.h */,
				0AD74B4E1BBA20900074AF3A /* ViewController.m */,
				0AD74B6C1BBA20C00074AF3A /* MyView.h */,
				0AD74B6D1BBA20C00074AF3A /* MyView.m */,
				0AD74B501BBA20900074AF3A /* Main.storyboard */,
				0AD74B531BBA20900074AF3A /* Images.xcassets */,
				0AD74B551BBA20900074AF3A /* LaunchScreen.xib */,
				0AD74B461BBA20900074AF3A /* Supporting Files */,
			);
			path = WFDrawDemo;
			sourceTree = "<group>";
		};
		0AD74B461BBA20900074AF3A /* Supporting Files */ = {
			isa = PBXGroup;
			children = (
				0AD74B471BBA20900074AF3A /* Info.plist */,
				0AD74B481BBA20900074AF3A /* main.m */,
			);
			name = "Supporting Files";
			sourceTree = "<group>";
		};
		0AD74B5F1BBA20900074AF3A /* WFDrawDemoTests */ = {
			isa = PBXGroup;
			children = (
				0AD74B621BBA20900074AF3A /* WFDrawDemoTests.m */,
				0AD74B601BBA20900074AF3A /* Supporting Files */,
			);
			path = WFDrawDemoTests;
			sourceTree = "<group>";
		};
		0AD74B601BBA20900074AF3A /* Supporting Files */ = {
			isa = PBXGroup;
			children = (
				0AD74B611BBA20900074AF3A /* Info.plist */,
			);
			name = "Supporting Files";
			sourceTree = "<group>";
		};
/* End PBXGroup section */

/* Begin PBXNativeTarget section */
		0AD74B421BBA20900074AF3A /* WFDrawDemo */ = {
			isa = PBXNativeTarget;
			buildConfigurationList = 0AD74B661BBA20900074AF3A /* Build configuration list for PBXNativeTarget "WFDrawDemo" */;
			buildPhases = (
				0AD74B3F1BBA20900074AF3A /* Sources */,
				0AD74B401BBA20900074AF3A /* Frameworks */,
				0AD74B411BBA20900074AF3A /* Resources */,
			);
			buildRules = (
			);
			dependencies = (
			);
			name = WFDrawDemo;
			productName = WFDrawDemo;
			productReference = 0AD74B431BBA20900074AF3A /* WFDrawDemo.app */;
			productType = "com.apple.product-type.application";
		};
		0AD74B5B1BBA20900074AF3A /* WFDrawDemoTests */ = {
			isa = PBXNativeTarget;
			buildConfigurationList = 0AD74B691BBA20900074AF3A /* Build configuration list for PBXNativeTarget "WFDrawDemoTests" */;
			buildPhases = (
				0AD74B581BBA20900074AF3A /* Sources */,
				0AD74B591BBA20900074AF3A /* Frameworks */,
				0AD74B5A1BBA20900074AF3A /* Resources */,
			);
			buildRules = (
			);
			dependencies = (
				0AD74B5E1BBA20900074AF3A /* PBXTargetDependency */,
			);
			name = WFDrawDemoTests;
			productName = WFDrawDemoTests;
			productReference = 0AD74B5C1BBA20900074AF3A /* WFDrawDemoTests.xctest */;
			productType = "com.apple.product-type.bundle.unit-test";
		};
/* End PBXNativeTarget section */

/* Begin PBXProject section */
		0AD74B3B1BBA20900074AF3A /* Project object */ = {
			isa = PBXProject;
			attributes = {
				LastUpgradeCheck = 0640;
				ORGANIZATIONNAME = JackWong;
				TargetAttributes = {
					0AD74B421BBA20900074AF3A = {
						CreatedOnToolsVersion = 6.4;
					};
					0AD74B5B1BBA20900074AF3A = {
						CreatedOnToolsVersion = 6.4;
						TestTargetID = 0AD74B421BBA20900074AF3A;
					};
				};
			};
			buildConfigurationList = 0AD74B3E1BBA20900074AF3A /* Build configuration list for PBXProject "WFDrawDemo" */;
			compatibilityVersion = "Xcode 3.2";
			developmentRegion = English;
			hasScannedForEncodings = 0;
			knownRegions = (
				en,
				Base,
			);
			mainGroup = 0AD74B3A1BBA20900074AF3A;
			productRefGroup = 0AD74B441BBA20900074AF3A /* Products */;
			projectDirPath = "";
			projectRoot = "";
			targets = (
				0AD74B421BBA20900074AF3A /* WFDrawDemo */,
				0AD74B5B1BBA20900074AF3A /* WFDrawDemoTests */,
			);
		};
/* End PBXProject section */

/* Begin PBXResourcesBuildPhase section */
		0AD74B411BBA20900074AF3A /* Resources */ = {
			isa = PBXResourcesBuildPhase;
			buildActionMask = 2147483647;
			files = (
				0AD74B701BBA22700074AF3A /* flower.png in Resources */,
				0AD74B521BBA20900074AF3A /* Main.storyboard in Resources */,
				0AD74B571BBA20900074AF3A /* LaunchScreen.xib in Resources */,
				0AD74B541BBA20900074AF3A /* Images.xcassets in Resources */,
			);
			runOnlyForDeploymentPostprocessing = 0;
		};
		0AD74B5A1BBA20900074AF3A /* Resources */ = {
			isa = PBXResourcesBuildPhase;
			buildActionMask = 2147483647;
			files = (
			);
			runOnlyForDeploymentPostprocessing = 0;
		};
/* End PBXResourcesBuildPhase section */

/* Begin PBXSourcesBuildPhase section */
		0AD74B3F1BBA20900074AF3A /* Sources */ = {
			isa = PBXSourcesBuildPhase;
			buildActionMask = 2147483647;
			files = (
				0AD74B6E1BBA20C00074AF3A /* MyView.m in Sources */,
				0AD74B4F1BBA20900074AF3A /* ViewController.m in Sources */,
				0AD74B4C1BBA20900074AF3A /* AppDelegate.m in Sources */,
				0AD74B491BBA20900074AF3A /* main.m in Sources */,
			);
			runOnlyForDeploymentPostprocessing = 0;
		};
		0AD74B581BBA20900074AF3A /* Sources */ = {
			isa = PBXSourcesBuildPhase;
			buildActionMask = 2147483647;
			files = (
				0AD74B631BBA20900074AF3A /* WFDrawDemoTests.m in Sources */,
			);
			runOnlyForDeploymentPostprocessing = 0;
		};
/* End PBXSourcesBuildPhase section */

/* Begin PBXTargetDependency section */
		0AD74B5E1BBA20900074AF3A /* PBXTargetDependency */ = {
			isa = PBXTargetDependency;
			target = 0AD74B421BBA20900074AF3A /* WFDrawDemo */;
			targetProxy = 0AD74B5D1BBA20900074AF3A /* PBXContainerItemProxy */;
		};
/* End PBXTargetDependency section */

/* Begin PBXVariantGroup section */
		0AD74B501BBA20900074AF3A /* Main.storyboard */ = {
			isa = PBXVariantGroup;
			children = (
				0AD74B511BBA20900074AF3A /* Base */,
			);
			name = Main.storyboard;
			sourceTree = "<group>";
		};
		0AD74B551BBA20900074AF3A /* LaunchScreen.xib */ = {
			isa = PBXVariantGroup;
			children = (
				0AD74B561BBA20900074AF3A /* Base */,
			);
			name = LaunchScreen.xib;
			sourceTree = "<group>";
		};
/* End PBXVariantGroup section */

/* Begin XCBuildConfiguration section */
		0AD74B641BBA20900074AF3A /* Debug */ = {
			isa = XCBuildConfiguration;
			buildSettings = {
				ALWAYS_SEARCH_USER_PATHS = NO;
				CLANG_CXX_LANGUAGE_STANDARD = "gnu++0x";
				CLANG_CXX_LIBRARY = "libc++";
				CLANG_ENABLE_MODULES = YES;
				CLANG_ENABLE_OBJC_ARC = YES;
				CLANG_WARN_BOOL_CONVERSION = YES;
				CLANG_WARN_CONSTANT_CONVERSION = YES;
				CLANG_WARN_DIRECT_OBJC_ISA_USAGE = YES_ERROR;
				CLANG_WARN_EMPTY_BODY = YES;
				CLANG_WARN_ENUM_CONVERSION = YES;
				CLANG_WARN_INT_CONVERSION = YES;
				CLANG_WARN_OBJC_ROOT_CLASS = YES_ERROR;
				CLANG_WARN_UNREACHABLE_CODE = YES;
				CLANG_WARN__DUPLICATE_METHOD_MATCH = YES;
				"CODE_SIGN_IDENTITY[sdk=iphoneos*]" = "iPhone Developer";
				COPY_PHASE_STRIP = NO;
				DEBUG_INFORMATION_FORMAT = "dwarf-with-dsym";
				ENABLE_STRICT_OBJC_MSGSEND = YES;
				GCC_C_LANGUAGE_STANDARD = gnu99;
				GCC_DYNAMIC_NO_PIC = NO;
				GCC_NO_COMMON_BLOCKS = YES;
				GCC_OPTIMIZATION_LEVEL = 0;
				GCC_PREPROCESSOR_DEFINITIONS = (
					"DEBUG=1",
					"$(inherited)",
				);
				GCC_SYMBOLS_PRIVATE_EXTERN = NO;
				GCC_WARN_64_TO_32_BIT_CONVERSION = YES;
				GCC_WARN_ABOUT_RETURN_TYPE = YES_ERROR;
				GCC_WARN_UNDECLARED_SELECTOR = YES;
				GCC_WARN_UNINITIALIZED_AUTOS = YES_AGGRESSIVE;
				GCC_WARN_UNUSED_FUNCTION = YES;
				GCC_WARN_UNUSED_VARIABLE = YES;
				IPHONEOS_DEPLOYMENT_TARGET = 8.4;
				MTL_ENABLE_DEBUG_INFO = YES;
				ONLY_ACTIVE_ARCH = YES;
				SDKROOT = iphoneos;
				TARGETED_DEVICE_FAMILY = "1,2";
			};
			name = Debug;
		};
		0AD74B651BBA20900074AF3A /* Release */ = {
			isa = XCBuildConfiguration;
			buildSettings = {
				ALWAYS_SEARCH_USER_PATHS = NO;
				CLANG_CXX_LANGUAGE_STANDARD = "gnu++0x";
				CLANG_CXX_LIBRARY = "libc++";
				CLANG_ENABLE_MODULES = YES;
				CLANG_ENABLE_OBJC_ARC = YES;
				CLANG_WARN_BOOL_CONVERSION = YES;
				CLANG_WARN_CONSTANT_CONVERSION = YES;
				CLANG_WARN_DIRECT_OBJC_ISA_USAGE = YES_ERROR;
				CLANG_WARN_EMPTY_BODY = YES;
				CLANG_WARN_ENUM_CONVERSION = YES;
				CLANG_WARN_INT_CONVERSION = YES;
				CLANG_WARN_OBJC_ROOT_CLASS = YES_ERROR;
				CLANG_WARN_UNREACHABLE_CODE = YES;
				CLANG_WARN__DUPLICATE_METHOD_MATCH = YES;
				"CODE_SIGN_IDENTITY[sdk=iphoneos*]" = "iPhone Developer";
				COPY_PHASE_STRIP = NO;
				DEBUG_INFORMATION_FORMAT = "dwarf-with-dsym";
				ENABLE_NS_ASSERTIONS = NO;
				ENABLE_STRICT_OBJC_MSGSEND = YES;
				GCC_C_LANGUAGE_STANDARD = gnu99;
				GCC_NO_COMMON_BLOCKS = YES;
				GCC_WARN_64_TO_32_BIT_CONVERSION = YES;
				GCC_WARN_ABOUT_RETURN_TYPE = YES_ERROR;
				GCC_WARN_UNDECLARED_SELECTOR = YES;
				GCC_WARN_UNINITIALIZED_AUTOS = YES_AGGRESSIVE;
				GCC_WARN_UNUSED_FUNCTION = YES;
				GCC_WARN_UNUSED_VARIABLE = YES;
				IPHONEOS_DEPLOYMENT_TARGET = 8.4;
				MTL_ENABLE_DEBUG_INFO = NO;
				SDKROOT = iphoneos;
				TARGETED_DEVICE_FAMILY = "1,2";
				VALIDATE_PRODUCT = YES;
			};
			name = Release;
		};
		0AD74B671BBA20900074AF3A /* Debug */ = {
			isa = XCBuildConfiguration;
			buildSettings = {
				ASSETCATALOG_COMPILER_APPICON_NAME = AppIcon;
				INFOPLIST_FILE = WFDrawDemo/Info.plist;
				LD_RUNPATH_SEARCH_PATHS = "$(inherited) @executable_path/Frameworks";
				PRODUCT_NAME = "$(TARGET_NAME)";
			};
			name = Debug;
		};
		0AD74B681BBA20900074AF3A /* Release */ = {
			isa = XCBuildConfiguration;
			buildSettings = {
				ASSETCATALOG_COMPILER_APPICON_NAME = AppIcon;
				INFOPLIST_FILE = WFDrawDemo/Info.plist;
				LD_RUNPATH_SEARCH_PATHS = "$(inherited) @executable_path/Frameworks";
				PRODUCT_NAME = "$(TARGET_NAME)";
			};
			name = Release;
		};
		0AD74B6A1BBA20900074AF3A /* Debug */ = {
			isa = XCBuildConfiguration;
			buildSettings = {
				BUNDLE_LOADER = "$(TEST_HOST)";
				FRAMEWORK_SEARCH_PATHS = (
					"$(SDKROOT)/Developer/Library/Frameworks",
					"$(inherited)",
				);
				GCC_PREPROCESSOR_DEFINITIONS = (
					"DEBUG=1",
					"$(inherited)",
				);
				INFOPLIST_FILE = WFDrawDemoTests/Info.plist;
				LD_RUNPATH_SEARCH_PATHS = "$(inherited) @executable_path/Frameworks @loader_path/Frameworks";
				PRODUCT_NAME = "$(TARGET_NAME)";
				TEST_HOST = "$(BUILT_PRODUCTS_DIR)/WFDrawDemo.app/WFDrawDemo";
			};
			name = Debug;
		};
		0AD74B6B1BBA20900074AF3A /* Release */ = {
			isa = XCBuildConfiguration;
			buildSettings = {
				BUNDLE_LOADER = "$(TEST_HOST)";
				FRAMEWORK_SEARCH_PATHS = (
					"$(SDKROOT)/Developer/Library/Frameworks",
					"$(inherited)",
				);
				INFOPLIST_FILE = WFDrawDemoTests/Info.plist;
				LD_RUNPATH_SEARCH_PATHS = "$(inherited) @executable_path/Frameworks @loader_path/Frameworks";
				PRODUCT_NAME = "$(TARGET_NAME)";
				TEST_HOST = "$(BUILT_PRODUCTS_DIR)/WFDrawDemo.app/WFDrawDemo";
			};
			name = Release;
		};
/* End XCBuildConfiguration section */

/* Begin XCConfigurationList section */
		0AD74B3E1BBA20900074AF3A /* Build configuration list for PBXProject "WFDrawDemo" */ = {
			isa = XCConfigurationList;
			buildConfigurations = (
				0AD74B641BBA20900074AF3A /* Debug */,
				0AD74B651BBA20900074AF3A /* Release */,
			);
			defaultConfigurationIsVisible = 0;
			defaultConfigurationName = Release;
		};
		0AD74B661BBA20900074AF3A /* Build configuration list for PBXNativeTarget "WFDrawDemo" */ = {
			isa = XCConfigurationList;
			buildConfigurations = (
				0AD74B671BBA20900074AF3A /* Debug */,
				0AD74B681BBA20900074AF3A /* Release */,
			);
			defaultConfigurationIsVisible = 0;
			defaultConfigurationName = Release;
		};
		0AD74B691BBA20900074AF3A /* Build configuration list for PBXNativeTarget "WFDrawDemoTests" */ = {
			isa = XCConfigurationList;
			buildConfigurations = (
				0AD74B6A1BBA20900074AF3A /* Debug */,
				0AD74B6B1BBA20900074AF3A /* Release */,
			);
			defaultConfigurationIsVisible = 0;
			defaultConfigurationName = Release;
		};
/* End XCConfigurationList section */
	};
	rootObject = 0AD74B3B1BBA20900074AF3A /* Project object */;
}
